
Microsoft Visual Studio Solution File, Format Version 12.00
# Visual Studio Version 17
VisualStudioVersion = 17.2.32519.379
MinimumVisualStudioVersion = 10.0.40219.1
Project("{FAE04EC0-301F-11D3-BF4B-00C04F79EFBC}") = "BmiCalculator.Client", "BmiCalculator\Client\BmiCalculator.Client.csproj", "{8FBE9DFE-0E2B-4615-B533-B06C5BDACECE}"
EndProject
Project("{FAE04EC0-301F-11D3-BF4B-00C04F79EFBC}") = "BmiCalculator.Shared", "BmiCalculator\Shared\BmiCalculator.Shared.csproj", "{FE92B3EC-3945-46C4-BE25-A05DA7AA005E}"
EndProject
Project("{FAE04EC0-301F-11D3-BF4B-00C04F79EFBC}") = "BmiCalculator.Server", "BmiCalculator\Server\BmiCalculator.Server\BmiCalculator.Server.csproj", "{0DAD19F3-55D3-4734-A0F3-D021272AB04D}"
EndProject
Global
	GlobalSection(SolutionConfigurationPlatforms) = preSolution
		Debug|Any CPU = Debug|Any CPU
		Release|Any CPU = Release|Any CPU
	EndGlobalSection
	GlobalSection(ProjectConfigurationPlatforms) = postSolution
		{8FBE9DFE-0E2B-4615-B533-B06C5BDACECE}.Debug|Any CPU.ActiveCfg = Debug|Any CPU
		{8FBE9DFE-0E2B-4615-B533-B06C5BDACECE}.Debug|Any CPU.Build.0 = Debug|Any CPU
		{8FBE9DFE-0E2B-4615-B533-B06C5BDACECE}.Release|Any CPU.ActiveCfg = Release|Any CPU
		{8FBE9DFE-0E2B-4615-B533-B06C5BDACECE}.Release|Any CPU.Build.0 = Release|Any CPU
		{FE92B3EC-3945-46C4-BE25-A05DA7AA005E}.Debug|Any CPU.ActiveCfg = Debug|Any CPU
		{FE92B3EC-3945-46C4-BE25-A05DA7AA005E}.Debug|Any CPU.Build.0 = Debug|Any CPU
		{FE92B3EC-3945-46C4-BE25-A05DA7AA005E}.Release|Any CPU.ActiveCfg = Release|Any CPU
		{FE92B3EC-3945-46C4-BE25-A05DA7AA005E}.Release|Any CPU.Build.0 = Release|Any CPU
		{0DAD19F3-55D3-4734-A0F3-D021272AB04D}.Debug|Any CPU.ActiveCfg = Debug|Any CPU
		{0DAD19F3-55D3-4734-A0F3-D021272AB04D}.Debug|Any CPU.Build.0 = Debug|Any CPU
		{0DAD19F3-55D3-4734-A0F3-D021272AB04D}.Release|Any CPU.ActiveCfg = Release|Any CPU
		{0DAD19F3-55D3-4734-A0F3-D021272AB04D}.Release|Any CPU.Build.0 = Release|Any CPU
	EndGlobalSection
	GlobalSection(SolutionProperties) = preSolution
		HideSolutionNode = FALSE
	EndGlobalSection
	GlobalSection(ExtensibilityGlobals) = postSolution
		SolutionGuid = {12BA36FB-45BD-4F13-BCC4-99FCCD29F680}
	EndGlobalSection
EndGlobal
